// !$*UTF8*$!
{
	archiveVersion = 1;
	classes = {
	};
	objectVersion = 50;
	objects = {

/* Begin PBXBuildFile section */
		46453CDB226C0E7000EDE6FB /* MenuBar.swift in Sources */ = {isa = PBXBuildFile; fileRef = 46453CDA226C0E7000EDE6FB /* MenuBar.swift */; };
		46453CDE226D28D300EDE6FB /* Video.swift in Sources */ = {isa = PBXBuildFile; fileRef = 46453CDD226D28D300EDE6FB /* Video.swift */; };
		46B40A40226AE21B00C150D5 /* Extensions.swift in Sources */ = {isa = PBXBuildFile; fileRef = 46B40A3F226AE21B00C150D5 /* Extensions.swift */; };
		46B40A43226AE34F00C150D5 /* VideoCell.swift in Sources */ = {isa = PBXBuildFile; fileRef = 46B40A42226AE34F00C150D5 /* VideoCell.swift */; };
		46B8CF3C22663FD4002561D2 /* AppDelegate.swift in Sources */ = {isa = PBXBuildFile; fileRef = 46B8CF3B22663FD4002561D2 /* AppDelegate.swift */; };
		46B8CF3E22663FD4002561D2 /* HomeController.swift in Sources */ = {isa = PBXBuildFile; fileRef = 46B8CF3D22663FD4002561D2 /* HomeController.swift */; };
		46B8CF4122663FD4002561D2 /* Main.storyboard in Resources */ = {isa = PBXBuildFile; fileRef = 46B8CF3F22663FD4002561D2 /* Main.storyboard */; };
		46B8CF4322663FD6002561D2 /* Assets.xcassets in Resources */ = {isa = PBXBuildFile; fileRef = 46B8CF4222663FD6002561D2 /* Assets.xcassets */; };
		46B8CF4622663FD6002561D2 /* LaunchScreen.storyboard in Resources */ = {isa = PBXBuildFile; fileRef = 46B8CF4422663FD6002561D2 /* LaunchScreen.storyboard */; };
/* End PBXBuildFile section */

/* Begin PBXFileReference section */
		46453CDA226C0E7000EDE6FB /* MenuBar.swift */ = {isa = PBXFileReference; lastKnownFileType = sourcecode.swift; path = MenuBar.swift; sourceTree = "<group>"; };
		46453CDD226D28D300EDE6FB /* Video.swift */ = {isa = PBXFileReference; lastKnownFileType = sourcecode.swift; path = Video.swift; sourceTree = "<group>"; };
		46B40A3F226AE21B00C150D5 /* Extensions.swift */ = {isa = PBXFileReference; lastKnownFileType = sourcecode.swift; path = Extensions.swift; sourceTree = "<group>"; };
		46B40A42226AE34F00C150D5 /* VideoCell.swift */ = {isa = PBXFileReference; lastKnownFileType = sourcecode.swift; path = VideoCell.swift; sourceTree = "<group>"; };
		46B8CF3822663FD4002561D2 /* YouTubeClone.app */ = {isa = PBXFileReference; explicitFileType = wrapper.application; includeInIndex = 0; path = YouTubeClone.app; sourceTree = BUILT_PRODUCTS_DIR; };
		46B8CF3B22663FD4002561D2 /* AppDelegate.swift */ = {isa = PBXFileReference; lastKnownFileType = sourcecode.swift; path = AppDelegate.swift; sourceTree = "<group>"; };
		46B8CF3D22663FD4002561D2 /* HomeController.swift */ = {isa = PBXFileReference; lastKnownFileType = sourcecode.swift; path = HomeController.swift; sourceTree = "<group>"; };
		46B8CF4022663FD4002561D2 /* Base */ = {isa = PBXFileReference; lastKnownFileType = file.storyboard; name = Base; path = Base.lproj/Main.storyboard; sourceTree = "<group>"; };
		46B8CF4222663FD6002561D2 /* Assets.xcassets */ = {isa = PBXFileReference; lastKnownFileType = folder.assetcatalog; path = Assets.xcassets; sourceTree = "<group>"; };
		46B8CF4522663FD6002561D2 /* Base */ = {isa = PBXFileReference; lastKnownFileType = file.storyboard; name = Base; path = Base.lproj/LaunchScreen.storyboard; sourceTree = "<group>"; };
		46B8CF4722663FD6002561D2 /* Info.plist */ = {isa = PBXFileReference; lastKnownFileType = text.plist.xml; path = Info.plist; sourceTree = "<group>"; };
/* End PBXFileReference section */

/* Begin PBXFrameworksBuildPhase section */
		46B8CF3522663FD4002561D2 /* Frameworks */ = {
			isa = PBXFrameworksBuildPhase;
			buildActionMask = 2147483647;
			files = (
			);
			runOnlyForDeploymentPostprocessing = 0;
		};
/* End PBXFrameworksBuildPhase section */

/* Begin PBXGroup section */
		46453CDC226D28C100EDE6FB /* Model */ = {
			isa = PBXGroup;
			children = (
				46453CDD226D28D300EDE6FB /* Video.swift */,
			);
			path = Model;
			sourceTree = "<group>";
		};
		46B40A3E226AE1EB00C150D5 /* Helpers */ = {
			isa = PBXGroup;
			children = (
				46B40A3F226AE21B00C150D5 /* Extensions.swift */,
			);
			path = Helpers;
			sourceTree = "<group>";
		};
		46B40A41226AE33300C150D5 /* View */ = {
			isa = PBXGroup;
			children = (
				46B40A42226AE34F00C150D5 /* VideoCell.swift */,
				46453CDA226C0E7000EDE6FB /* MenuBar.swift */,
			);
			path = View;
			sourceTree = "<group>";
		};
		46B40A44226AE3BD00C150D5 /* Controller */ = {
			isa = PBXGroup;
			children = (
				46B8CF3D22663FD4002561D2 /* HomeController.swift */,
			);
			path = Controller;
			sourceTree = "<group>";
		};
		46B8CF2F22663FD4002561D2 = {
			isa = PBXGroup;
			children = (
				46B8CF3A22663FD4002561D2 /* YouTubeClone */,
				46B8CF3922663FD4002561D2 /* Products */,
			);
			sourceTree = "<group>";
		};
		46B8CF3922663FD4002561D2 /* Products */ = {
			isa = PBXGroup;
			children = (
				46B8CF3822663FD4002561D2 /* YouTubeClone.app */,
			);
			name = Products;
			sourceTree = "<group>";
		};
		46B8CF3A22663FD4002561D2 /* YouTubeClone */ = {
			isa = PBXGroup;
			children = (
				46453CDC226D28C100EDE6FB /* Model */,
				46B40A41226AE33300C150D5 /* View */,
				46B40A44226AE3BD00C150D5 /* Controller */,
				46B40A3E226AE1EB00C150D5 /* Helpers */,
				46B8CF3B22663FD4002561D2 /* AppDelegate.swift */,
				46B8CF3F22663FD4002561D2 /* Main.storyboard */,
				46B8CF4222663FD6002561D2 /* Assets.xcassets */,
				46B8CF4422663FD6002561D2 /* LaunchScreen.storyboard */,
				46B8CF4722663FD6002561D2 /* Info.plist */,
			);
			path = YouTubeClone;
			sourceTree = "<group>";
		};
/* End PBXGroup section */

/* Begin PBXNativeTarget section */
		46B8CF3722663FD4002561D2 /* YouTubeClone */ = {
			isa = PBXNativeTarget;
			buildConfigurationList = 46B8CF4A22663FD6002561D2 /* Build configuration list for PBXNativeTarget "YouTubeClone" */;
			buildPhases = (
				46B8CF3422663FD4002561D2 /* Sources */,
				46B8CF3522663FD4002561D2 /* Frameworks */,
				46B8CF3622663FD4002561D2 /* Resources */,
			);
			buildRules = (
			);
			dependencies = (
			);
			name = YouTubeClone;
			productName = YouTubeClone;
			productReference = 46B8CF3822663FD4002561D2 /* YouTubeClone.app */;
			productType = "com.apple.product-type.application";
		};
/* End PBXNativeTarget section */

/* Begin PBXProject section */
		46B8CF3022663FD4002561D2 /* Project object */ = {
			isa = PBXProject;
			attributes = {
				LastSwiftUpdateCheck = 1010;
				LastUpgradeCheck = 1010;
				ORGANIZATIONNAME = "Mateus Rovari";
				TargetAttributes = {
					46B8CF3722663FD4002561D2 = {
						CreatedOnToolsVersion = 10.1;
					};
				};
			};
			buildConfigurationList = 46B8CF3322663FD4002561D2 /* Build configuration list for PBXProject "YouTubeClone" */;
			compatibilityVersion = "Xcode 9.3";
			developmentRegion = en;
			hasScannedForEncodings = 0;
			knownRegions = (
				en,
				Base,
			);
			mainGroup = 46B8CF2F22663FD4002561D2;
			productRefGroup = 46B8CF3922663FD4002561D2 /* Products */;
			projectDirPath = "";
			projectRoot = "";
			targets = (
				46B8CF3722663FD4002561D2 /* YouTubeClone */,
			);
		};
/* End PBXProject section */

/* Begin PBXResourcesBuildPhase section */
		46B8CF3622663FD4002561D2 /* Resources */ = {
			isa = PBXResourcesBuildPhase;
			buildActionMask = 2147483647;
			files = (
				46B8CF4622663FD6002561D2 /* LaunchScreen.storyboard in Resources */,
				46B8CF4322663FD6002561D2 /* Assets.xcassets in Resources */,
				46B8CF4122663FD4002561D2 /* Main.storyboard in Resources */,
			);
			runOnlyForDeploymentPostprocessing = 0;
		};
/* End PBXResourcesBuildPhase section */

/* Begin PBXSourcesBuildPhase section */
		46B8CF3422663FD4002561D2 /* Sources */ = {
			isa = PBXSourcesBuildPhase;
			buildActionMask = 2147483647;
			files = (
				46B8CF3E22663FD4002561D2 /* HomeController.swift in Sources */,
				46453CDE226D28D300EDE6FB /* Video.swift in Sources */,
				46B40A43226AE34F00C150D5 /* VideoCell.swift in Sources */,
				46B40A40226AE21B00C150D5 /* Extensions.swift in Sources */,
				46B8CF3C22663FD4002561D2 /* AppDelegate.swift in Sources */,
				46453CDB226C0E7000EDE6FB /* MenuBar.swift in Sources */,
			);
			runOnlyForDeploymentPostprocessing = 0;
		};
/* End PBXSourcesBuildPhase section */

/* Begin PBXVariantGroup section */
		46B8CF3F22663FD4002561D2 /* Main.storyboard */ = {
			isa = PBXVariantGroup;
			children = (
				46B8CF4022663FD4002561D2 /* Base */,
			);
			name = Main.storyboard;
			sourceTree = "<group>";
		};
		46B8CF4422663FD6002561D2 /* LaunchScreen.storyboard */ = {
			isa = PBXVariantGroup;
			children = (
				46B8CF4522663FD6002561D2 /* Base */,
			);
			name = LaunchScreen.storyboard;
			sourceTree = "<group>";
		};
/* End PBXVariantGroup section */

/* Begin XCBuildConfiguration section */
		46B8CF4822663FD6002561D2 /* Debug */ = {
			isa = XCBuildConfiguration;
			buildSettings = {
				ALWAYS_SEARCH_USER_PATHS = NO;
				CLANG_ANALYZER_NONNULL = YES;
				CLANG_ANALYZER_NUMBER_OBJECT_CONVERSION = YES_AGGRESSIVE;
				CLANG_CXX_LANGUAGE_STANDARD = "gnu++14";
				CLANG_CXX_LIBRARY = "libc++";
				CLANG_ENABLE_MODULES = YES;
				CLANG_ENABLE_OBJC_ARC = YES;
				CLANG_ENABLE_OBJC_WEAK = YES;
				CLANG_WARN_BLOCK_CAPTURE_AUTORELEASING = YES;
				CLANG_WARN_BOOL_CONVERSION = YES;
				CLANG_WARN_COMMA = YES;
				CLANG_WARN_CONSTANT_CONVERSION = YES;
				CLANG_WARN_DEPRECATED_OBJC_IMPLEMENTATIONS = YES;
				CLANG_WARN_DIRECT_OBJC_ISA_USAGE = YES_ERROR;
				CLANG_WARN_DOCUMENTATION_COMMENTS = YES;
				CLANG_WARN_EMPTY_BODY = YES;
				CLANG_WARN_ENUM_CONVERSION = YES;
				CLANG_WARN_INFINITE_RECURSION = YES;
				CLANG_WARN_INT_CONVERSION = YES;
				CLANG_WARN_NON_LITERAL_NULL_CONVERSION = YES;
				CLANG_WARN_OBJC_IMPLICIT_RETAIN_SELF = YES;
				CLANG_WARN_OBJC_LITERAL_CONVERSION = YES;
				CLANG_WARN_OBJC_ROOT_CLASS = YES_ERROR;
				CLANG_WARN_RANGE_LOOP_ANALYSIS = YES;
				CLANG_WARN_STRICT_PROTOTYPES = YES;
				CLANG_WARN_SUSPICIOUS_MOVE = YES;
				CLANG_WARN_UNGUARDED_AVAILABILITY = YES_AGGRESSIVE;
				CLANG_WARN_UNREACHABLE_CODE = YES;
				CLANG_WARN__DUPLICATE_METHOD_MATCH = YES;
				CODE_SIGN_IDENTITY = "iPhone Developer";
				COPY_PHASE_STRIP = NO;
				DEBUG_INFORMATION_FORMAT = dwarf;
				ENABLE_STRICT_OBJC_MSGSEND = YES;
				ENABLE_TESTABILITY = YES;
				GCC_C_LANGUAGE_STANDARD = gnu11;
				GCC_DYNAMIC_NO_PIC = NO;
				GCC_NO_COMMON_BLOCKS = YES;
				GCC_OPTIMIZATION_LEVEL = 0;
				GCC_PREPROCESSOR_DEFINITIONS = (
					"DEBUG=1",
					"$(inherited)",
				);
				GCC_WARN_64_TO_32_BIT_CONVERSION = YES;
				GCC_WARN_ABOUT_RETURN_TYPE = YES_ERROR;
				GCC_WARN_UNDECLARED_SELECTOR = YES;
				GCC_WARN_UNINITIALIZED_AUTOS = YES_AGGRESSIVE;
				GCC_WARN_UNUSED_FUNCTION = YES;
				GCC_WARN_UNUSED_VARIABLE = YES;
				IPHONEOS_DEPLOYMENT_TARGET = 12.1;
				MTL_ENABLE_DEBUG_INFO = INCLUDE_SOURCE;
				MTL_FAST_MATH = YES;
				ONLY_ACTIVE_ARCH = YES;
				SDKROOT = iphoneos;
				SWIFT_ACTIVE_COMPILATION_CONDITIONS = DEBUG;
				SWIFT_OPTIMIZATION_LEVEL = "-Onone";
			};
			name = Debug;
		};
		46B8CF4922663FD6002561D2 /* Release */ = {
			isa = XCBuildConfiguration;
			buildSettings = {
				ALWAYS_SEARCH_USER_PATHS = NO;
				CLANG_ANALYZER_NONNULL = YES;
				CLANG_ANALYZER_NUMBER_OBJECT_CONVERSION = YES_AGGRESSIVE;
				CLANG_CXX_LANGUAGE_STANDARD = "gnu++14";
				CLANG_CXX_LIBRARY = "libc++";
				CLANG_ENABLE_MODULES = YES;
				CLANG_ENABLE_OBJC_ARC = YES;
				CLANG_ENABLE_OBJC_WEAK = YES;
				CLANG_WARN_BLOCK_CAPTURE_AUTORELEASING = YES;
				CLANG_WARN_BOOL_CONVERSION = YES;
				CLANG_WARN_COMMA = YES;
				CLANG_WARN_CONSTANT_CONVERSION = YES;
				CLANG_WARN_DEPRECATED_OBJC_IMPLEMENTATIONS = YES;
				CLANG_WARN_DIRECT_OBJC_ISA_USAGE = YES_ERROR;
				CLANG_WARN_DOCUMENTATION_COMMENTS = YES;
				CLANG_WARN_EMPTY_BODY = YES;
				CLANG_WARN_ENUM_CONVERSION = YES;
				CLANG_WARN_INFINITE_RECURSION = YES;
				CLANG_WARN_INT_CONVERSION = YES;
				CLANG_WARN_NON_LITERAL_NULL_CONVERSION = YES;
				CLANG_WARN_OBJC_IMPLICIT_RETAIN_SELF = YES;
				CLANG_WARN_OBJC_LITERAL_CONVERSION = YES;
				CLANG_WARN_OBJC_ROOT_CLASS = YES_ERROR;
				CLANG_WARN_RANGE_LOOP_ANALYSIS = YES;
				CLANG_WARN_STRICT_PROTOTYPES = YES;
				CLANG_WARN_SUSPICIOUS_MOVE = YES;
				CLANG_WARN_UNGUARDED_AVAILABILITY = YES_AGGRESSIVE;
				CLANG_WARN_UNREACHABLE_CODE = YES;
				CLANG_WARN__DUPLICATE_METHOD_MATCH = YES;
				CODE_SIGN_IDENTITY = "iPhone Developer";
				COPY_PHASE_STRIP = NO;
				DEBUG_INFORMATION_FORMAT = "dwarf-with-dsym";
				ENABLE_NS_ASSERTIONS = NO;
				ENABLE_STRICT_OBJC_MSGSEND = YES;
				GCC_C_LANGUAGE_STANDARD = gnu11;
				GCC_NO_COMMON_BLOCKS = YES;
				GCC_WARN_64_TO_32_BIT_CONVERSION = YES;
				GCC_WARN_ABOUT_RETURN_TYPE = YES_ERROR;
				GCC_WARN_UNDECLARED_SELECTOR = YES;
				GCC_WARN_UNINITIALIZED_AUTOS = YES_AGGRESSIVE;
				GCC_WARN_UNUSED_FUNCTION = YES;
				GCC_WARN_UNUSED_VARIABLE = YES;
				IPHONEOS_DEPLOYMENT_TARGET = 12.1;
				MTL_ENABLE_DEBUG_INFO = NO;
				MTL_FAST_MATH = YES;
				SDKROOT = iphoneos;
				SWIFT_COMPILATION_MODE = wholemodule;
				SWIFT_OPTIMIZATION_LEVEL = "-O";
				VALIDATE_PRODUCT = YES;
			};
			name = Release;
		};
		46B8CF4B22663FD6002561D2 /* Debug */ = {
			isa = XCBuildConfiguration;
			buildSettings = {
				ASSETCATALOG_COMPILER_APPICON_NAME = AppIcon;
				CODE_SIGN_STYLE = Automatic;
				DEVELOPMENT_TEAM = L59GRW5GVS;
				INFOPLIST_FILE = YouTubeClone/Info.plist;
				LD_RUNPATH_SEARCH_PATHS = (
					"$(inherited)",
					"@executable_path/Frameworks",
				);
				PRODUCT_BUNDLE_IDENTIFIER = com.mateusrovari.YouTubeClone;
				PRODUCT_NAME = "$(TARGET_NAME)";
				SWIFT_VERSION = 4.2;
				TARGETED_DEVICE_FAMILY = "1,2";
			};
			name = Debug;
		};
		46B8CF4C22663FD6002561D2 /* Release */ = {
			isa = XCBuildConfiguration;
			buildSettings = {
				ASSETCATALOG_COMPILER_APPICON_NAME = AppIcon;
				CODE_SIGN_STYLE = Automatic;
				DEVELOPMENT_TEAM = L59GRW5GVS;
				INFOPLIST_FILE = YouTubeClone/Info.plist;
				LD_RUNPATH_SEARCH_PATHS = (
					"$(inherited)",
					"@executable_path/Frameworks",
				);
				PRODUCT_BUNDLE_IDENTIFIER = com.mateusrovari.YouTubeClone;
				PRODUCT_NAME = "$(TARGET_NAME)";
				SWIFT_VERSION = 4.2;
				TARGETED_DEVICE_FAMILY = "1,2";
			};
			name = Release;
		};
/* End XCBuildConfiguration section */

/* Begin XCConfigurationList section */
		46B8CF3322663FD4002561D2 /* Build configuration list for PBXProject "YouTubeClone" */ = {
			isa = XCConfigurationList;
			buildConfigurations = (
				46B8CF4822663FD6002561D2 /* Debug */,
				46B8CF4922663FD6002561D2 /* Release */,
			);
			defaultConfigurationIsVisible = 0;
			defaultConfigurationName = Release;
		};
		46B8CF4A22663FD6002561D2 /* Build configuration list for PBXNativeTarget "YouTubeClone" */ = {
			isa = XCConfigurationList;
			buildConfigurations = (
				46B8CF4B22663FD6002561D2 /* Debug */,
				46B8CF4C22663FD6002561D2 /* Release */,
			);
			defaultConfigurationIsVisible = 0;
			defaultConfigurationName = Release;
		};
/* End XCConfigurationList section */
	};
	rootObject = 46B8CF3022663FD4002561D2 /* Project object */;
}
